Microsoft Visual Studio Solution File, Format Version 12.00
# Visual Studio Version 17
VisualStudioVersion = 17.5.2.0
MinimumVisualStudioVersion = 10.0.40219.1
Project("{FAE04EC0-301F-11D3-BF4B-00C04F79EFBC}") = "sample-redis", "sample-redis.csproj", "{14861599-D4D3-B0C6-C58E-9FC8855EE62B}"
EndProject
Global
	GlobalSection(SolutionConfigurationPlatforms) = preSolution
		Debug|Any CPU = Debug|Any CPU
		Release|Any CPU = Release|Any CPU
	EndGlobalSection
	GlobalSection(ProjectConfigurationPlatforms) = postSolution
		{14861599-D4D3-B0C6-C58E-9FC8855EE62B}.Debug|Any CPU.ActiveCfg = Debug|Any CPU
		{14861599-D4D3-B0C6-C58E-9FC8855EE62B}.Debug|Any CPU.Build.0 = Debug|Any CPU
		{14861599-D4D3-B0C6-C58E-9FC8855EE62B}.Release|Any CPU.ActiveCfg = Release|Any CPU
		{14861599-D4D3-B0C6-C58E-9FC8855EE62B}.Release|Any CPU.Build.0 = Release|Any CPU
	EndGlobalSection
	GlobalSection(SolutionProperties) = preSolution
		HideSolutionNode = FALSE
	EndGlobalSection
	GlobalSection(ExtensibilityGlobals) = postSolution
		SolutionGuid = {EBB4DB41-18B3-4F85-B622-30AEC17B1A22}
	EndGlobalSection
EndGlobal
